
Microsoft Visual Studio Solution File, Format Version 12.00
# Visual Studio Version 17
VisualStudioVersion = 17.10.35122.118
MinimumVisualStudioVersion = 10.0.40219.1
Project("{FAE04EC0-301F-11D3-BF4B-00C04F79EFBC}") = "Lagrange.Desktop", "Lagrange.Desktop\Lagrange.Desktop.csproj", "{10EFD5D4-8617-4DE4-A809-06D104FFF32B}"
EndProject
Global
	GlobalSection(SolutionConfigurationPlatforms) = preSolution
		Debug|Any CPU = Debug|Any CPU
		Release|Any CPU = Release|Any CPU
	EndGlobalSection
	GlobalSection(ProjectConfigurationPlatforms) = postSolution
		{10EFD5D4-8617-4DE4-A809-06D104FFF32B}.Debug|Any CPU.ActiveCfg = Debug|Any CPU
		{10EFD5D4-8617-4DE4-A809-06D104FFF32B}.Debug|Any CPU.Build.0 = Debug|Any CPU
		{10EFD5D4-8617-4DE4-A809-06D104FFF32B}.Release|Any CPU.ActiveCfg = Release|Any CPU
		{10EFD5D4-8617-4DE4-A809-06D104FFF32B}.Release|Any CPU.Build.0 = Release|Any CPU
	EndGlobalSection
	GlobalSection(SolutionProperties) = preSolution
		HideSolutionNode = FALSE
	EndGlobalSection
	GlobalSection(ExtensibilityGlobals) = postSolution
		SolutionGuid = {3DC505B8-1135-4A79-A7C2-67F662B8DEC1}
	EndGlobalSection
EndGlobal
